Microsoft Visual Studio Solution File, Format Version 12.00
# Visual Studio Version 17
VisualStudioVersion = 17.5.2.0
MinimumVisualStudioVersion = 10.0.40219.1
Project("{FAE04EC0-301F-11D3-BF4B-00C04F79EFBC}") = "BasicWebDevelopmentProject", "BasicWebDevelopmentProject.csproj", "{11699197-7DFF-9914-DAFB-25EC217AE3EE}"
EndProject
Global
	GlobalSection(SolutionConfigurationPlatforms) = preSolution
		Debug|Any CPU = Debug|Any CPU
		Release|Any CPU = Release|Any CPU
	EndGlobalSection
	GlobalSection(ProjectConfigurationPlatforms) = postSolution
		{11699197-7DFF-9914-DAFB-25EC217AE3EE}.Debug|Any CPU.ActiveCfg = Debug|Any CPU
		{11699197-7DFF-9914-DAFB-25EC217AE3EE}.Debug|Any CPU.Build.0 = Debug|Any CPU
		{11699197-7DFF-9914-DAFB-25EC217AE3EE}.Release|Any CPU.ActiveCfg = Release|Any CPU
		{11699197-7DFF-9914-DAFB-25EC217AE3EE}.Release|Any CPU.Build.0 = Release|Any CPU
	EndGlobalSection
	GlobalSection(SolutionProperties) = preSolution
		HideSolutionNode = FALSE
	EndGlobalSection
	GlobalSection(ExtensibilityGlobals) = postSolution
		SolutionGuid = {FC161BA0-CEEA-4B5A-B897-DD0BCBA68340}
	EndGlobalSection
EndGlobal
